
Microsoft Visual Studio Solution File, Format Version 12.00
# Visual Studio 2012
# SharpDevelop 5.1
VisualStudioVersion = 12.0.30110.0
MinimumVisualStudioVersion = 10.0.40219.1
Project("{FAE04EC0-301F-11D3-BF4B-00C04F79EFBC}") = "Octodiff", "Octodiff\Octodiff.csproj", "{BBA7CDC2-DE25-4131-89F2-506712178FC8}"
EndProject
Project("{FAE04EC0-301F-11D3-BF4B-00C04F79EFBC}") = "Octodiff.Tests", "Octodiff.Tests\Octodiff.Tests.csproj", "{B7E95BD1-676E-4AC7-9089-3270392776BA}"
EndProject
Project("{FAE04EC0-301F-11D3-BF4B-00C04F79EFBC}") = "Octopatcher.GUI", "Octopatcher.GUI\Octopatcher.GUI.csproj", "{967FC9F6-F480-4419-9BF3-42F8445E8A41}"
EndProject
Global
	GlobalSection(SolutionConfigurationPlatforms) = preSolution
		Debug|Any CPU = Debug|Any CPU
		Release|Any CPU = Release|Any CPU
	EndGlobalSection
	GlobalSection(ProjectConfigurationPlatforms) = postSolution
		{BBA7CDC2-DE25-4131-89F2-506712178FC8}.Debug|Any CPU.ActiveCfg = Debug|Any CPU
		{BBA7CDC2-DE25-4131-89F2-506712178FC8}.Debug|Any CPU.Build.0 = Debug|Any CPU
		{BBA7CDC2-DE25-4131-89F2-506712178FC8}.Release|Any CPU.ActiveCfg = Release|Any CPU
		{BBA7CDC2-DE25-4131-89F2-506712178FC8}.Release|Any CPU.Build.0 = Release|Any CPU
		{B7E95BD1-676E-4AC7-9089-3270392776BA}.Debug|Any CPU.ActiveCfg = Debug|Any CPU
		{B7E95BD1-676E-4AC7-9089-3270392776BA}.Debug|Any CPU.Build.0 = Debug|Any CPU
		{B7E95BD1-676E-4AC7-9089-3270392776BA}.Release|Any CPU.ActiveCfg = Release|Any CPU
		{B7E95BD1-676E-4AC7-9089-3270392776BA}.Release|Any CPU.Build.0 = Release|Any CPU
		{967FC9F6-F480-4419-9BF3-42F8445E8A41}.Debug|Any CPU.ActiveCfg = Debug|Any CPU
		{967FC9F6-F480-4419-9BF3-42F8445E8A41}.Debug|Any CPU.Build.0 = Debug|Any CPU
		{967FC9F6-F480-4419-9BF3-42F8445E8A41}.Release|Any CPU.ActiveCfg = Release|Any CPU
		{967FC9F6-F480-4419-9BF3-42F8445E8A41}.Release|Any CPU.Build.0 = Release|Any CPU
	EndGlobalSection
	GlobalSection(SolutionProperties) = preSolution
		HideSolutionNode = FALSE
	EndGlobalSection
EndGlobal
