
Microsoft Visual Studio Solution File, Format Version 12.00
# Visual Studio 2013
VisualStudioVersion = 12.0.30110.0
MinimumVisualStudioVersion = 10.0.40219.1
Project("{FAE04EC0-301F-11D3-BF4B-00C04F79EFBC}") = "Octodiff", "Octodiff\Octodiff.csproj", "{BBA7CDC2-DE25-4131-89F2-506712178FC8}"
EndProject
Project("{FAE04EC0-301F-11D3-BF4B-00C04F79EFBC}") = "Octodiff.Tests", "Octodiff.Tests\Octodiff.Tests.csproj", "{845C60B5-14D0-468E-9789-4989213632DC}"
EndProject
Global
	GlobalSection(SolutionConfigurationPlatforms) = preSolution
		Debug|Any CPU = Debug|Any CPU
		Release|Any CPU = Release|Any CPU
	EndGlobalSection
	GlobalSection(ProjectConfigurationPlatforms) = postSolution
		{BBA7CDC2-DE25-4131-89F2-506712178FC8}.Debug|Any CPU.ActiveCfg = Debug|Any CPU
		{BBA7CDC2-DE25-4131-89F2-506712178FC8}.Debug|Any CPU.Build.0 = Debug|Any CPU
		{BBA7CDC2-DE25-4131-89F2-506712178FC8}.Release|Any CPU.ActiveCfg = Release|Any CPU
		{BBA7CDC2-DE25-4131-89F2-506712178FC8}.Release|Any CPU.Build.0 = Release|Any CPU
		{845C60B5-14D0-468E-9789-4989213632DC}.Debug|Any CPU.ActiveCfg = Debug|Any CPU
		{845C60B5-14D0-468E-9789-4989213632DC}.Debug|Any CPU.Build.0 = Debug|Any CPU
		{845C60B5-14D0-468E-9789-4989213632DC}.Release|Any CPU.ActiveCfg = Release|Any CPU
		{845C60B5-14D0-468E-9789-4989213632DC}.Release|Any CPU.Build.0 = Release|Any CPU
	EndGlobalSection
	GlobalSection(SolutionProperties) = preSolution
		HideSolutionNode = FALSE
	EndGlobalSection
EndGlobal
